
Microsoft Visual Studio Solution File, Format Version 12.00
# Visual Studio Version 16
VisualStudioVersion = 16.0.30503.244
MinimumVisualStudioVersion = 10.0.40219.1
Project("{9A19103F-16F7-4668-BE54-9A1E7A4F7556}") = "Padawan.Hotel", "Padawan.Hotel\Padawan.Hotel.csproj", "{A68ABF35-9829-4F86-AB9C-324F5765433D}"
EndProject
Project("{FAE04EC0-301F-11D3-BF4B-00C04F79EFBC}") = "Padawan.Hotel.FrontEnd", "Padawan.Hotel.FrontEnd\Padawan.Hotel.FrontEnd.csproj", "{F7413FE4-472A-4E2F-BFAB-0C67ACE5E971}"
EndProject
Global
	GlobalSection(SolutionConfigurationPlatforms) = preSolution
		Debug|Any CPU = Debug|Any CPU
		Release|Any CPU = Release|Any CPU
	EndGlobalSection
	GlobalSection(ProjectConfigurationPlatforms) = postSolution
		{A68ABF35-9829-4F86-AB9C-324F5765433D}.Debug|Any CPU.ActiveCfg = Debug|Any CPU
		{A68ABF35-9829-4F86-AB9C-324F5765433D}.Debug|Any CPU.Build.0 = Debug|Any CPU
		{A68ABF35-9829-4F86-AB9C-324F5765433D}.Release|Any CPU.ActiveCfg = Release|Any CPU
		{A68ABF35-9829-4F86-AB9C-324F5765433D}.Release|Any CPU.Build.0 = Release|Any CPU
		{F7413FE4-472A-4E2F-BFAB-0C67ACE5E971}.Debug|Any CPU.ActiveCfg = Debug|Any CPU
		{F7413FE4-472A-4E2F-BFAB-0C67ACE5E971}.Debug|Any CPU.Build.0 = Debug|Any CPU
		{F7413FE4-472A-4E2F-BFAB-0C67ACE5E971}.Release|Any CPU.ActiveCfg = Release|Any CPU
		{F7413FE4-472A-4E2F-BFAB-0C67ACE5E971}.Release|Any CPU.Build.0 = Release|Any CPU
	EndGlobalSection
	GlobalSection(SolutionProperties) = preSolution
		HideSolutionNode = FALSE
	EndGlobalSection
	GlobalSection(ExtensibilityGlobals) = postSolution
		SolutionGuid = {3A18B935-F29C-4BFD-96D4-ECCEBCD32567}
	EndGlobalSection
EndGlobal
